// !$*UTF8*$!
{
	archiveVersion = 1;
	classes = {
	};
	objectVersion = 48;
	objects = {

/* Begin PBXBuildFile section */
		823CE309E7C6F45A1E0E9C70 /* libPods-WCDBDemo.a in Frameworks */ = {isa = PBXBuildFile; fileRef = EFC2147D4533D93F9566CEE0 /* libPods-WCDBDemo.a */; };
		935F2465F79579E8DFB680BC /* libPods-WCDBDemoUITests.a in Frameworks */ = {isa = PBXBuildFile; fileRef = 7706E5AFB6D2094B4DC60905 /* libPods-WCDBDemoUITests.a */; };
		A7E63B191FC561600010350C /* AppDelegate.m in Sources */ = {isa = PBXBuildFile; fileRef = A7E63B181FC561600010350C /* AppDelegate.m */; };
		A7E63B1C1FC561610010350C /* ViewController.mm in Sources */ = {isa = PBXBuildFile; fileRef = A7E63B1B1FC561610010350C /* ViewController.mm */; };
		A7E63B1F1FC561610010350C /* Main.storyboard in Resources */ = {isa = PBXBuildFile; fileRef = A7E63B1D1FC561610010350C /* Main.storyboard */; };
		A7E63B211FC561610010350C /* Assets.xcassets in Resources */ = {isa = PBXBuildFile; fileRef = A7E63B201FC561610010350C /* Assets.xcassets */; };
		A7E63B241FC561610010350C /* LaunchScreen.storyboard in Resources */ = {isa = PBXBuildFile; fileRef = A7E63B221FC561610010350C /* LaunchScreen.storyboard */; };
		A7E63B271FC561620010350C /* main.m in Sources */ = {isa = PBXBuildFile; fileRef = A7E63B261FC561620010350C /* main.m */; };
		A7E63B311FC561620010350C /* WCDBDemoTests.m in Sources */ = {isa = PBXBuildFile; fileRef = A7E63B301FC561620010350C /* WCDBDemoTests.m */; };
		A7E63B3C1FC561620010350C /* WCDBDemoUITests.m in Sources */ = {isa = PBXBuildFile; fileRef = A7E63B3B1FC561620010350C /* WCDBDemoUITests.m */; };
		A7E63B4C1FC56B380010350C /* Message.mm in Sources */ = {isa = PBXBuildFile; fileRef = A7E63B4B1FC56B380010350C /* Message.mm */; };
		A7E63B511FC577C50010350C /* WCTMessageProduct.mm in Sources */ = {isa = PBXBuildFile; fileRef = A7E63B501FC577C50010350C /* WCTMessageProduct.mm */; };
		F5DFAA7FD8EDB2FDA7A53BF7 /* libPods-WCDBDemoTests.a in Frameworks */ = {isa = PBXBuildFile; fileRef = C30E974AD0A089AC775C80AA /* libPods-WCDBDemoTests.a */; };
/* End PBXBuildFile section */

/* Begin PBXContainerItemProxy section */
		A7E63B2D1FC561620010350C /* PBXContainerItemProxy */ = {
			isa = PBXContainerItemProxy;
			containerPortal = A7E63B0C1FC5615F0010350C /* Project object */;
			proxyType = 1;
			remoteGlobalIDString = A7E63B131FC561600010350C;
			remoteInfo = WCDBDemo;
		};
		A7E63B381FC561620010350C /* PBXContainerItemProxy */ = {
			isa = PBXContainerItemProxy;
			containerPortal = A7E63B0C1FC5615F0010350C /* Project object */;
			proxyType = 1;
			remoteGlobalIDString = A7E63B131FC561600010350C;
			remoteInfo = WCDBDemo;
		};
/* End PBXContainerItemProxy section */

/* Begin PBXFileReference section */
		4133134CC386AE9CF8B7E275 /* Pods-WCDBDemoTests.debug.xcconfig */ = {isa = PBXFileReference; includeInIndex = 1; lastKnownFileType = text.xcconfig; name = "Pods-WCDBDemoTests.debug.xcconfig"; path = "Pods/Target Support Files/Pods-WCDBDemoTests/Pods-WCDBDemoTests.debug.xcconfig"; sourceTree = "<group>"; };
		66C3FDD3FCED5C5F7F38A2E5 /* Pods-WCDBDemo.release.xcconfig */ = {isa = PBXFileReference; includeInIndex = 1; lastKnownFileType = text.xcconfig; name = "Pods-WCDBDemo.release.xcconfig"; path = "Pods/Target Support Files/Pods-WCDBDemo/Pods-WCDBDemo.release.xcconfig"; sourceTree = "<group>"; };
		69B93851F88C7C68E65B0DB7 /* Pods-WCDBDemoUITests.debug.xcconfig */ = {isa = PBXFileReference; includeInIndex = 1; lastKnownFileType = text.xcconfig; name = "Pods-WCDBDemoUITests.debug.xcconfig"; path = "Pods/Target Support Files/Pods-WCDBDemoUITests/Pods-WCDBDemoUITests.debug.xcconfig"; sourceTree = "<group>"; };
		7706E5AFB6D2094B4DC60905 /* libPods-WCDBDemoUITests.a */ = {isa = PBXFileReference; explicitFileType = archive.ar; includeInIndex = 0; path = "libPods-WCDBDemoUITests.a"; sourceTree = BUILT_PRODUCTS_DIR; };
		946E1D78DECCD8D4A88A3480 /* Pods-WCDBDemo.debug.xcconfig */ = {isa = PBXFileReference; includeInIndex = 1; lastKnownFileType = text.xcconfig; name = "Pods-WCDBDemo.debug.xcconfig"; path = "Pods/Target Support Files/Pods-WCDBDemo/Pods-WCDBDemo.debug.xcconfig"; sourceTree = "<group>"; };
		A7E63B141FC561600010350C /* WCDBDemo.app */ = {isa = PBXFileReference; explicitFileType = wrapper.application; includeInIndex = 0; path = WCDBDemo.app; sourceTree = BUILT_PRODUCTS_DIR; };
		A7E63B171FC561600010350C /* AppDelegate.h */ = {isa = PBXFileReference; lastKnownFileType = sourcecode.c.h; path = AppDelegate.h; sourceTree = "<group>"; };
		A7E63B181FC561600010350C /* AppDelegate.m */ = {isa = PBXFileReference; lastKnownFileType = sourcecode.c.objc; path = AppDelegate.m; sourceTree = "<group>"; };
		A7E63B1A1FC561610010350C /* ViewController.h */ = {isa = PBXFileReference; lastKnownFileType = sourcecode.c.h; path = ViewController.h; sourceTree = "<group>"; };
		A7E63B1B1FC561610010350C /* ViewController.mm */ = {isa = PBXFileReference; lastKnownFileType = sourcecode.cpp.objcpp; path = ViewController.mm; sourceTree = "<group>"; };
		A7E63B1E1FC561610010350C /* Base */ = {isa = PBXFileReference; lastKnownFileType = file.storyboard; name = Base; path = Base.lproj/Main.storyboard; sourceTree = "<group>"; };
		A7E63B201FC561610010350C /* Assets.xcassets */ = {isa = PBXFileReference; lastKnownFileType = folder.assetcatalog; path = Assets.xcassets; sourceTree = "<group>"; };
		A7E63B231FC561610010350C /* Base */ = {isa = PBXFileReference; lastKnownFileType = file.storyboard; name = Base; path = Base.lproj/LaunchScreen.storyboard; sourceTree = "<group>"; };
		A7E63B251FC561610010350C /* Info.plist */ = {isa = PBXFileReference; lastKnownFileType = text.plist.xml; path = Info.plist; sourceTree = "<group>"; };
		A7E63B261FC561620010350C /* main.m */ = {isa = PBXFileReference; lastKnownFileType = sourcecode.c.objc; path = main.m; sourceTree = "<group>"; };
		A7E63B2C1FC561620010350C /* WCDBDemoTests.xctest */ = {isa = PBXFileReference; explicitFileType = wrapper.cfbundle; includeInIndex = 0; path = WCDBDemoTests.xctest; sourceTree = BUILT_PRODUCTS_DIR; };
		A7E63B301FC561620010350C /* WCDBDemoTests.m */ = {isa = PBXFileReference; lastKnownFileType = sourcecode.c.objc; path = WCDBDemoTests.m; sourceTree = "<group>"; };
		A7E63B321FC561620010350C /* Info.plist */ = {isa = PBXFileReference; lastKnownFileType = text.plist.xml; path = Info.plist; sourceTree = "<group>"; };
		A7E63B371FC561620010350C /* WCDBDemoUITests.xctest */ = {isa = PBXFileReference; explicitFileType = wrapper.cfbundle; includeInIndex = 0; path = WCDBDemoUITests.xctest; sourceTree = BUILT_PRODUCTS_DIR; };
		A7E63B3B1FC561620010350C /* WCDBDemoUITests.m */ = {isa = PBXFileReference; lastKnownFileType = sourcecode.c.objc; path = WCDBDemoUITests.m; sourceTree = "<group>"; };
		A7E63B3D1FC561620010350C /* Info.plist */ = {isa = PBXFileReference; lastKnownFileType = text.plist.xml; path = Info.plist; sourceTree = "<group>"; };
		A7E63B4A1FC56B380010350C /* Message.h */ = {isa = PBXFileReference; lastKnownFileType = sourcecode.c.h; path = Message.h; sourceTree = "<group>"; };
		A7E63B4B1FC56B380010350C /* Message.mm */ = {isa = PBXFileReference; lastKnownFileType = sourcecode.cpp.objcpp; path = Message.mm; sourceTree = "<group>"; };
		A7E63B4F1FC577C50010350C /* WCTMessageProduct.h */ = {isa = PBXFileReference; lastKnownFileType = sourcecode.c.h; path = WCTMessageProduct.h; sourceTree = "<group>"; };
		A7E63B501FC577C50010350C /* WCTMessageProduct.mm */ = {isa = PBXFileReference; lastKnownFileType = sourcecode.cpp.objcpp; path = WCTMessageProduct.mm; sourceTree = "<group>"; };
		B9B3922284167E8972FBA555 /* Pods-WCDBDemoUITests.release.xcconfig */ = {isa = PBXFileReference; includeInIndex = 1; lastKnownFileType = text.xcconfig; name = "Pods-WCDBDemoUITests.release.xcconfig"; path = "Pods/Target Support Files/Pods-WCDBDemoUITests/Pods-WCDBDemoUITests.release.xcconfig"; sourceTree = "<group>"; };
		BA27265922A0DCDB429BCDF3 /* Pods-WCDBDemoTests.release.xcconfig */ = {isa = PBXFileReference; includeInIndex = 1; lastKnownFileType = text.xcconfig; name = "Pods-WCDBDemoTests.release.xcconfig"; path = "Pods/Target Support Files/Pods-WCDBDemoTests/Pods-WCDBDemoTests.release.xcconfig"; sourceTree = "<group>"; };
		C30E974AD0A089AC775C80AA /* libPods-WCDBDemoTests.a */ = {isa = PBXFileReference; explicitFileType = archive.ar; includeInIndex = 0; path = "libPods-WCDBDemoTests.a"; sourceTree = BUILT_PRODUCTS_DIR; };
		EFC2147D4533D93F9566CEE0 /* libPods-WCDBDemo.a */ = {isa = PBXFileReference; explicitFileType = archive.ar; includeInIndex = 0; path = "libPods-WCDBDemo.a"; sourceTree = BUILT_PRODUCTS_DIR; };
/* End PBXFileReference section */

/* Begin PBXFrameworksBuildPhase section */
		A7E63B111FC561600010350C /* Frameworks */ = {
			isa = PBXFrameworksBuildPhase;
			buildActionMask = 2147483647;
			files = (
				823CE309E7C6F45A1E0E9C70 /* libPods-WCDBDemo.a in Frameworks */,
			);
			runOnlyForDeploymentPostprocessing = 0;
		};
		A7E63B291FC561620010350C /* Frameworks */ = {
			isa = PBXFrameworksBuildPhase;
			buildActionMask = 2147483647;
			files = (
				F5DFAA7FD8EDB2FDA7A53BF7 /* libPods-WCDBDemoTests.a in Frameworks */,
			);
			runOnlyForDeploymentPostprocessing = 0;
		};
		A7E63B341FC561620010350C /* Frameworks */ = {
			isa = PBXFrameworksBuildPhase;
			buildActionMask = 2147483647;
			files = (
				935F2465F79579E8DFB680BC /* libPods-WCDBDemoUITests.a in Frameworks */,
			);
			runOnlyForDeploymentPostprocessing = 0;
		};
/* End PBXFrameworksBuildPhase section */

/* Begin PBXGroup section */
		194D3BB9304B7723808BED56 /* Pods */ = {
			isa = PBXGroup;
			children = (
				946E1D78DECCD8D4A88A3480 /* Pods-WCDBDemo.debug.xcconfig */,
				66C3FDD3FCED5C5F7F38A2E5 /* Pods-WCDBDemo.release.xcconfig */,
				4133134CC386AE9CF8B7E275 /* Pods-WCDBDemoTests.debug.xcconfig */,
				BA27265922A0DCDB429BCDF3 /* Pods-WCDBDemoTests.release.xcconfig */,
				69B93851F88C7C68E65B0DB7 /* Pods-WCDBDemoUITests.debug.xcconfig */,
				B9B3922284167E8972FBA555 /* Pods-WCDBDemoUITests.release.xcconfig */,
			);
			name = Pods;
			sourceTree = "<group>";
		};
		365C13E7C8CB7A111BF4E150 /* Frameworks */ = {
			isa = PBXGroup;
			children = (
				EFC2147D4533D93F9566CEE0 /* libPods-WCDBDemo.a */,
				C30E974AD0A089AC775C80AA /* libPods-WCDBDemoTests.a */,
				7706E5AFB6D2094B4DC60905 /* libPods-WCDBDemoUITests.a */,
			);
			name = Frameworks;
			sourceTree = "<group>";
		};
		A7E63B0B1FC5615F0010350C = {
			isa = PBXGroup;
			children = (
				A7E63B161FC561600010350C /* WCDBDemo */,
				A7E63B2F1FC561620010350C /* WCDBDemoTests */,
				A7E63B3A1FC561620010350C /* WCDBDemoUITests */,
				A7E63B151FC561600010350C /* Products */,
				194D3BB9304B7723808BED56 /* Pods */,
				365C13E7C8CB7A111BF4E150 /* Frameworks */,
			);
			sourceTree = "<group>";
		};
		A7E63B151FC561600010350C /* Products */ = {
			isa = PBXGroup;
			children = (
				A7E63B141FC561600010350C /* WCDBDemo.app */,
				A7E63B2C1FC561620010350C /* WCDBDemoTests.xctest */,
				A7E63B371FC561620010350C /* WCDBDemoUITests.xctest */,
			);
			name = Products;
			sourceTree = "<group>";
		};
		A7E63B161FC561600010350C /* WCDBDemo */ = {
			isa = PBXGroup;
			children = (
				A7E63B491FC56B230010350C /* WCDB_Test */,
				A7E63B171FC561600010350C /* AppDelegate.h */,
				A7E63B181FC561600010350C /* AppDelegate.m */,
				A7E63B1A1FC561610010350C /* ViewController.h */,
				A7E63B1B1FC561610010350C /* ViewController.mm */,
				A7E63B1D1FC561610010350C /* Main.storyboard */,
				A7E63B201FC561610010350C /* Assets.xcassets */,
				A7E63B221FC561610010350C /* LaunchScreen.storyboard */,
				A7E63B251FC561610010350C /* Info.plist */,
				A7E63B261FC561620010350C /* main.m */,
			);
			path = WCDBDemo;
			sourceTree = "<group>";
		};
		A7E63B2F1FC561620010350C /* WCDBDemoTests */ = {
			isa = PBXGroup;
			children = (
				A7E63B301FC561620010350C /* WCDBDemoTests.m */,
				A7E63B321FC561620010350C /* Info.plist */,
			);
			path = WCDBDemoTests;
			sourceTree = "<group>";
		};
		A7E63B3A1FC561620010350C /* WCDBDemoUITests */ = {
			isa = PBXGroup;
			children = (
				A7E63B3B1FC561620010350C /* WCDBDemoUITests.m */,
				A7E63B3D1FC561620010350C /* Info.plist */,
			);
			path = WCDBDemoUITests;
			sourceTree = "<group>";
		};
		A7E63B491FC56B230010350C /* WCDB_Test */ = {
			isa = PBXGroup;
			children = (
				A7E63B4A1FC56B380010350C /* Message.h */,
				A7E63B4B1FC56B380010350C /* Message.mm */,
				A7E63B4F1FC577C50010350C /* WCTMessageProduct.h */,
				A7E63B501FC577C50010350C /* WCTMessageProduct.mm */,
			);
			path = WCDB_Test;
			sourceTree = "<group>";
		};
/* End PBXGroup section */

/* Begin PBXNativeTarget section */
		A7E63B131FC561600010350C /* WCDBDemo */ = {
			isa = PBXNativeTarget;
			buildConfigurationList = A7E63B401FC561620010350C /* Build configuration list for PBXNativeTarget "WCDBDemo" */;
			buildPhases = (
				74D1830C9F72528761AE3DC5 /* [CP] Check Pods Manifest.lock */,
				A7E63B101FC561600010350C /* Sources */,
				A7E63B111FC561600010350C /* Frameworks */,
				A7E63B121FC561600010350C /* Resources */,
				829B649D54753D4830A98063 /* [CP] Embed Pods Frameworks */,
				A4D8BA056A0A57C864C6D4B3 /* [CP] Copy Pods Resources */,
			);
			buildRules = (
			);
			dependencies = (
			);
			name = WCDBDemo;
			productName = WCDBDemo;
			productReference = A7E63B141FC561600010350C /* WCDBDemo.app */;
			productType = "com.apple.product-type.application";
		};
		A7E63B2B1FC561620010350C /* WCDBDemoTests */ = {
			isa = PBXNativeTarget;
			buildConfigurationList = A7E63B431FC561620010350C /* Build configuration list for PBXNativeTarget "WCDBDemoTests" */;
			buildPhases = (
				18DCC788CCC5BCF80461DB84 /* [CP] Check Pods Manifest.lock */,
				A7E63B281FC561620010350C /* Sources */,
				A7E63B291FC561620010350C /* Frameworks */,
				A7E63B2A1FC561620010350C /* Resources */,
				C23A915A445326F1550F4012 /* [CP] Embed Pods Frameworks */,
				9CF636EE3F5BB38C15690D3C /* [CP] Copy Pods Resources */,
			);
			buildRules = (
			);
			dependencies = (
				A7E63B2E1FC561620010350C /* PBXTargetDependency */,
			);
			name = WCDBDemoTests;
			productName = WCDBDemoTests;
			productReference = A7E63B2C1FC561620010350C /* WCDBDemoTests.xctest */;
			productType = "com.apple.product-type.bundle.unit-test";
		};
		A7E63B361FC561620010350C /* WCDBDemoUITests */ = {
			isa = PBXNativeTarget;
			buildConfigurationList = A7E63B461FC561620010350C /* Build configuration list for PBXNativeTarget "WCDBDemoUITests" */;
			buildPhases = (
				9563175B44211AB577DCF8AC /* [CP] Check Pods Manifest.lock */,
				A7E63B331FC561620010350C /* Sources */,
				A7E63B341FC561620010350C /* Frameworks */,
				A7E63B351FC561620010350C /* Resources */,
				C1AFF30A064ED3944E086284 /* [CP] Embed Pods Frameworks */,
				83F14204595E9D557C932EDF /* [CP] Copy Pods Resources */,
			);
			buildRules = (
			);
			dependencies = (
				A7E63B391FC561620010350C /* PBXTargetDependency */,
			);
			name = WCDBDemoUITests;
			productName = WCDBDemoUITests;
			productReference = A7E63B371FC561620010350C /* WCDBDemoUITests.xctest */;
			productType = "com.apple.product-type.bundle.ui-testing";
		};
/* End PBXNativeTarget section */

/* Begin PBXProject section */
		A7E63B0C1FC5615F0010350C /* Project object */ = {
			isa = PBXProject;
			attributes = {
				LastUpgradeCheck = 0910;
				ORGANIZATIONNAME = vsKing;
				TargetAttributes = {
					A7E63B131FC561600010350C = {
						CreatedOnToolsVersion = 9.1;
						ProvisioningStyle = Automatic;
					};
					A7E63B2B1FC561620010350C = {
						CreatedOnToolsVersion = 9.1;
						ProvisioningStyle = Automatic;
						TestTargetID = A7E63B131FC561600010350C;
					};
					A7E63B361FC561620010350C = {
						CreatedOnToolsVersion = 9.1;
						ProvisioningStyle = Automatic;
						TestTargetID = A7E63B131FC561600010350C;
					};
				};
			};
			buildConfigurationList = A7E63B0F1FC5615F0010350C /* Build configuration list for PBXProject "WCDBDemo" */;
			compatibilityVersion = "Xcode 8.0";
			developmentRegion = en;
			hasScannedForEncodings = 0;
			knownRegions = (
				en,
				Base,
			);
			mainGroup = A7E63B0B1FC5615F0010350C;
			productRefGroup = A7E63B151FC561600010350C /* Products */;
			projectDirPath = "";
			projectRoot = "";
			targets = (
				A7E63B131FC561600010350C /* WCDBDemo */,
				A7E63B2B1FC561620010350C /* WCDBDemoTests */,
				A7E63B361FC561620010350C /* WCDBDemoUITests */,
			);
		};
/* End PBXProject section */

/* Begin PBXResourcesBuildPhase section */
		A7E63B121FC561600010350C /* Resources */ = {
			isa = PBXResourcesBuildPhase;
			buildActionMask = 2147483647;
			files = (
				A7E63B241FC561610010350C /* LaunchScreen.storyboard in Resources */,
				A7E63B211FC561610010350C /* Assets.xcassets in Resources */,
				A7E63B1F1FC561610010350C /* Main.storyboard in Resources */,
			);
			runOnlyForDeploymentPostprocessing = 0;
		};
		A7E63B2A1FC561620010350C /* Resources */ = {
			isa = PBXResourcesBuildPhase;
			buildActionMask = 2147483647;
			files = (
			);
			runOnlyForDeploymentPostprocessing = 0;
		};
		A7E63B351FC561620010350C /* Resources */ = {
			isa = PBXResourcesBuildPhase;
			buildActionMask = 2147483647;
			files = (
			);
			runOnlyForDeploymentPostprocessing = 0;
		};
/* End PBXResourcesBuildPhase section */

/* Begin PBXShellScriptBuildPhase section */
		18DCC788CCC5BCF80461DB84 /* [CP] Check Pods Manifest.lock */ = {
			isa = PBXShellScriptBuildPhase;
			buildActionMask = 2147483647;
			files = (
			);
			inputPaths = (
			);
			name = "[CP] Check Pods Manifest.lock";
			outputPaths = (
			);
			runOnlyForDeploymentPostprocessing = 0;
			shellPath = /bin/sh;
			shellScript = "diff \"${PODS_ROOT}/../Podfile.lock\" \"${PODS_ROOT}/Manifest.lock\" > /dev/null\nif [ $? != 0 ] ; then\n    # print error to STDERR\n    echo \"error: The sandbox is not in sync with the Podfile.lock. Run 'pod install' or update your CocoaPods installation.\" >&2\n    exit 1\nfi\n";
			showEnvVarsInLog = 0;
		};
		74D1830C9F72528761AE3DC5 /* [CP] Check Pods Manifest.lock */ = {
			isa = PBXShellScriptBuildPhase;
			buildActionMask = 2147483647;
			files = (
			);
			inputPaths = (
			);
			name = "[CP] Check Pods Manifest.lock";
			outputPaths = (
			);
			runOnlyForDeploymentPostprocessing = 0;
			shellPath = /bin/sh;
			shellScript = "diff \"${PODS_ROOT}/../Podfile.lock\" \"${PODS_ROOT}/Manifest.lock\" > /dev/null\nif [ $? != 0 ] ; then\n    # print error to STDERR\n    echo \"error: The sandbox is not in sync with the Podfile.lock. Run 'pod install' or update your CocoaPods installation.\" >&2\n    exit 1\nfi\n";
			showEnvVarsInLog = 0;
		};
		829B649D54753D4830A98063 /* [CP] Embed Pods Frameworks */ = {
			isa = PBXShellScriptBuildPhase;
			buildActionMask = 2147483647;
			files = (
			);
			inputPaths = (
			);
			name = "[CP] Embed Pods Frameworks";
			outputPaths = (
			);
			runOnlyForDeploymentPostprocessing = 0;
			shellPath = /bin/sh;
			shellScript = "\"${SRCROOT}/Pods/Target Support Files/Pods-WCDBDemo/Pods-WCDBDemo-frameworks.sh\"\n";
			showEnvVarsInLog = 0;
		};
		83F14204595E9D557C932EDF /* [CP] Copy Pods Resources */ = {
			isa = PBXShellScriptBuildPhase;
			buildActionMask = 2147483647;
			files = (
			);
			inputPaths = (
			);
			name = "[CP] Copy Pods Resources";
			outputPaths = (
			);
			runOnlyForDeploymentPostprocessing = 0;
			shellPath = /bin/sh;
			shellScript = "\"${SRCROOT}/Pods/Target Support Files/Pods-WCDBDemoUITests/Pods-WCDBDemoUITests-resources.sh\"\n";
			showEnvVarsInLog = 0;
		};
		9563175B44211AB577DCF8AC /* [CP] Check Pods Manifest.lock */ = {
			isa = PBXShellScriptBuildPhase;
			buildActionMask = 2147483647;
			files = (
			);
			inputPaths = (
			);
			name = "[CP] Check Pods Manifest.lock";
			outputPaths = (
			);
			runOnlyForDeploymentPostprocessing = 0;
			shellPath = /bin/sh;
			shellScript = "diff \"${PODS_ROOT}/../Podfile.lock\" \"${PODS_ROOT}/Manifest.lock\" > /dev/null\nif [ $? != 0 ] ; then\n    # print error to STDERR\n    echo \"error: The sandbox is not in sync with the Podfile.lock. Run 'pod install' or update your CocoaPods installation.\" >&2\n    exit 1\nfi\n";
			showEnvVarsInLog = 0;
		};
		9CF636EE3F5BB38C15690D3C /* [CP] Copy Pods Resources */ = {
			isa = PBXShellScriptBuildPhase;
			buildActionMask = 2147483647;
			files = (
			);
			inputPaths = (
			);
			name = "[CP] Copy Pods Resources";
			outputPaths = (
			);
			runOnlyForDeploymentPostprocessing = 0;
			shellPath = /bin/sh;
			shellScript = "\"${SRCROOT}/Pods/Target Support Files/Pods-WCDBDemoTests/Pods-WCDBDemoTests-resources.sh\"\n";
			showEnvVarsInLog = 0;
		};
		A4D8BA056A0A57C864C6D4B3 /* [CP] Copy Pods Resources */ = {
			isa = PBXShellScriptBuildPhase;
			buildActionMask = 2147483647;
			files = (
			);
			inputPaths = (
			);
			name = "[CP] Copy Pods Resources";
			outputPaths = (
			);
			runOnlyForDeploymentPostprocessing = 0;
			shellPath = /bin/sh;
			shellScript = "\"${SRCROOT}/Pods/Target Support Files/Pods-WCDBDemo/Pods-WCDBDemo-resources.sh\"\n";
			showEnvVarsInLog = 0;
		};
		C1AFF30A064ED3944E086284 /* [CP] Embed Pods Frameworks */ = {
			isa = PBXShellScriptBuildPhase;
			buildActionMask = 2147483647;
			files = (
			);
			inputPaths = (
			);
			name = "[CP] Embed Pods Frameworks";
			outputPaths = (
			);
			runOnlyForDeploymentPostprocessing = 0;
			shellPath = /bin/sh;
			shellScript = "\"${SRCROOT}/Pods/Target Support Files/Pods-WCDBDemoUITests/Pods-WCDBDemoUITests-frameworks.sh\"\n";
			showEnvVarsInLog = 0;
		};
		C23A915A445326F1550F4012 /* [CP] Embed Pods Frameworks */ = {
			isa = PBXShellScriptBuildPhase;
			buildActionMask = 2147483647;
			files = (
			);
			inputPaths = (
			);
			name = "[CP] Embed Pods Frameworks";
			outputPaths = (
			);
			runOnlyForDeploymentPostprocessing = 0;
			shellPath = /bin/sh;
			shellScript = "\"${SRCROOT}/Pods/Target Support Files/Pods-WCDBDemoTests/Pods-WCDBDemoTests-frameworks.sh\"\n";
			showEnvVarsInLog = 0;
		};
/* End PBXShellScriptBuildPhase section */

/* Begin PBXSourcesBuildPhase section */
		A7E63B101FC561600010350C /* Sources */ = {
			isa = PBXSourcesBuildPhase;
			buildActionMask = 2147483647;
			files = (
				A7E63B1C1FC561610010350C /* ViewController.mm in Sources */,
				A7E63B4C1FC56B380010350C /* Message.mm in Sources */,
				A7E63B271FC561620010350C /* main.m in Sources */,
				A7E63B511FC577C50010350C /* WCTMessageProduct.mm in Sources */,
				A7E63B191FC561600010350C /* AppDelegate.m in Sources */,
			);
			runOnlyForDeploymentPostprocessing = 0;
		};
		A7E63B281FC561620010350C /* Sources */ = {
			isa = PBXSourcesBuildPhase;
			buildActionMask = 2147483647;
			files = (
				A7E63B311FC561620010350C /* WCDBDemoTests.m in Sources */,
			);
			runOnlyForDeploymentPostprocessing = 0;
		};
		A7E63B331FC561620010350C /* Sources */ = {
			isa = PBXSourcesBuildPhase;
			buildActionMask = 2147483647;
			files = (
				A7E63B3C1FC561620010350C /* WCDBDemoUITests.m in Sources */,
			);
			runOnlyForDeploymentPostprocessing = 0;
		};
/* End PBXSourcesBuildPhase section */

/* Begin PBXTargetDependency section */
		A7E63B2E1FC561620010350C /* PBXTargetDependency */ = {
			isa = PBXTargetDependency;
			target = A7E63B131FC561600010350C /* WCDBDemo */;
			targetProxy = A7E63B2D1FC561620010350C /* PBXContainerItemProxy */;
		};
		A7E63B391FC561620010350C /* PBXTargetDependency */ = {
			isa = PBXTargetDependency;
			target = A7E63B131FC561600010350C /* WCDBDemo */;
			targetProxy = A7E63B381FC561620010350C /* PBXContainerItemProxy */;
		};
/* End PBXTargetDependency section */

/* Begin PBXVariantGroup section */
		A7E63B1D1FC561610010350C /* Main.storyboard */ = {
			isa = PBXVariantGroup;
			children = (
				A7E63B1E1FC561610010350C /* Base */,
			);
			name = Main.storyboard;
			sourceTree = "<group>";
		};
		A7E63B221FC561610010350C /* LaunchScreen.storyboard */ = {
			isa = PBXVariantGroup;
			children = (
				A7E63B231FC561610010350C /* Base */,
			);
			name = LaunchScreen.storyboard;
			sourceTree = "<group>";
		};
/* End PBXVariantGroup section */

/* Begin XCBuildConfiguration section */
		A7E63B3E1FC561620010350C /* Debug */ = {
			isa = XCBuildConfiguration;
			buildSettings = {
				ALWAYS_SEARCH_USER_PATHS = NO;
				CLANG_ANALYZER_NONNULL = YES;
				CLANG_ANALYZER_NUMBER_OBJECT_CONVERSION = YES_AGGRESSIVE;
				CLANG_CXX_LANGUAGE_STANDARD = "gnu++14";
				CLANG_CXX_LIBRARY = "libc++";
				CLANG_ENABLE_MODULES = YES;
				CLANG_ENABLE_OBJC_ARC = YES;
				CLANG_WARN_BLOCK_CAPTURE_AUTORELEASING = YES;
				CLANG_WARN_BOOL_CONVERSION = YES;
				CLANG_WARN_COMMA = YES;
				CLANG_WARN_CONSTANT_CONVERSION = YES;
				CLANG_WARN_DIRECT_OBJC_ISA_USAGE = YES_ERROR;
				CLANG_WARN_DOCUMENTATION_COMMENTS = YES;
				CLANG_WARN_EMPTY_BODY = YES;
				CLANG_WARN_ENUM_CONVERSION = YES;
				CLANG_WARN_INFINITE_RECURSION = YES;
				CLANG_WARN_INT_CONVERSION = YES;
				CLANG_WARN_NON_LITERAL_NULL_CONVERSION = YES;
				CLANG_WARN_OBJC_LITERAL_CONVERSION = YES;
				CLANG_WARN_OBJC_ROOT_CLASS = YES_ERROR;
				CLANG_WARN_RANGE_LOOP_ANALYSIS = YES;
				CLANG_WARN_STRICT_PROTOTYPES = YES;
				CLANG_WARN_SUSPICIOUS_MOVE = YES;
				CLANG_WARN_UNGUARDED_AVAILABILITY = YES_AGGRESSIVE;
				CLANG_WARN_UNREACHABLE_CODE = YES;
				CLANG_WARN__DUPLICATE_METHOD_MATCH = YES;
				CODE_SIGN_IDENTITY = "iPhone Developer";
				COPY_PHASE_STRIP = NO;
				DEBUG_INFORMATION_FORMAT = dwarf;
				ENABLE_STRICT_OBJC_MSGSEND = YES;
				ENABLE_TESTABILITY = YES;
				GCC_C_LANGUAGE_STANDARD = gnu11;
				GCC_DYNAMIC_NO_PIC = NO;
				GCC_NO_COMMON_BLOCKS = YES;
				GCC_OPTIMIZATION_LEVEL = 0;
				GCC_PREPROCESSOR_DEFINITIONS = (
					"DEBUG=1",
					"$(inherited)",
				);
				GCC_WARN_64_TO_32_BIT_CONVERSION = YES;
				GCC_WARN_ABOUT_RETURN_TYPE = YES_ERROR;
				GCC_WARN_UNDECLARED_SELECTOR = YES;
				GCC_WARN_UNINITIALIZED_AUTOS = YES_AGGRESSIVE;
				GCC_WARN_UNUSED_FUNCTION = YES;
				GCC_WARN_UNUSED_VARIABLE = YES;
				IPHONEOS_DEPLOYMENT_TARGET = 11.1;
				MTL_ENABLE_DEBUG_INFO = YES;
				ONLY_ACTIVE_ARCH = YES;
				SDKROOT = iphoneos;
			};
			name = Debug;
		};
		A7E63B3F1FC561620010350C /* Release */ = {
			isa = XCBuildConfiguration;
			buildSettings = {
				ALWAYS_SEARCH_USER_PATHS = NO;
				CLANG_ANALYZER_NONNULL = YES;
				CLANG_ANALYZER_NUMBER_OBJECT_CONVERSION = YES_AGGRESSIVE;
				CLANG_CXX_LANGUAGE_STANDARD = "gnu++14";
				CLANG_CXX_LIBRARY = "libc++";
				CLANG_ENABLE_MODULES = YES;
				CLANG_ENABLE_OBJC_ARC = YES;
				CLANG_WARN_BLOCK_CAPTURE_AUTORELEASING = YES;
				CLANG_WARN_BOOL_CONVERSION = YES;
				CLANG_WARN_COMMA = YES;
				CLANG_WARN_CONSTANT_CONVERSION = YES;
				CLANG_WARN_DIRECT_OBJC_ISA_USAGE = YES_ERROR;
				CLANG_WARN_DOCUMENTATION_COMMENTS = YES;
				CLANG_WARN_EMPTY_BODY = YES;
				CLANG_WARN_ENUM_CONVERSION = YES;
				CLANG_WARN_INFINITE_RECURSION = YES;
				CLANG_WARN_INT_CONVERSION = YES;
				CLANG_WARN_NON_LITERAL_NULL_CONVERSION = YES;
				CLANG_WARN_OBJC_LITERAL_CONVERSION = YES;
				CLANG_WARN_OBJC_ROOT_CLASS = YES_ERROR;
				CLANG_WARN_RANGE_LOOP_ANALYSIS = YES;
				CLANG_WARN_STRICT_PROTOTYPES = YES;
				CLANG_WARN_SUSPICIOUS_MOVE = YES;
				CLANG_WARN_UNGUARDED_AVAILABILITY = YES_AGGRESSIVE;
				CLANG_WARN_UNREACHABLE_CODE = YES;
				CLANG_WARN__DUPLICATE_METHOD_MATCH = YES;
				CODE_SIGN_IDENTITY = "iPhone Developer";
				COPY_PHASE_STRIP = NO;
				DEBUG_INFORMATION_FORMAT = "dwarf-with-dsym";
				ENABLE_NS_ASSERTIONS = NO;
				ENABLE_STRICT_OBJC_MSGSEND = YES;
				GCC_C_LANGUAGE_STANDARD = gnu11;
				GCC_NO_COMMON_BLOCKS = YES;
				GCC_WARN_64_TO_32_BIT_CONVERSION = YES;
				GCC_WARN_ABOUT_RETURN_TYPE = YES_ERROR;
				GCC_WARN_UNDECLARED_SELECTOR = YES;
				GCC_WARN_UNINITIALIZED_AUTOS = YES_AGGRESSIVE;
				GCC_WARN_UNUSED_FUNCTION = YES;
				GCC_WARN_UNUSED_VARIABLE = YES;
				IPHONEOS_DEPLOYMENT_TARGET = 11.1;
				MTL_ENABLE_DEBUG_INFO = NO;
				SDKROOT = iphoneos;
				VALIDATE_PRODUCT = YES;
			};
			name = Release;
		};
		A7E63B411FC561620010350C /* Debug */ = {
			isa = XCBuildConfiguration;
			baseConfigurationReference = 946E1D78DECCD8D4A88A3480 /* Pods-WCDBDemo.debug.xcconfig */;
			buildSettings = {
				ASSETCATALOG_COMPILER_APPICON_NAME = AppIcon;
				CODE_SIGN_STYLE = Automatic;
				DEVELOPMENT_TEAM = U54J3QSAHN;
				INFOPLIST_FILE = WCDBDemo/Info.plist;
				IPHONEOS_DEPLOYMENT_TARGET = 9.0;
				LD_RUNPATH_SEARCH_PATHS = "$(inherited) @executable_path/Frameworks";
				PRODUCT_BUNDLE_IDENTIFIER = cjl.WCDBDemo;
				PRODUCT_NAME = "$(TARGET_NAME)";
				TARGETED_DEVICE_FAMILY = 1;
			};
			name = Debug;
		};
		A7E63B421FC561620010350C /* Release */ = {
			isa = XCBuildConfiguration;
			baseConfigurationReference = 66C3FDD3FCED5C5F7F38A2E5 /* Pods-WCDBDemo.release.xcconfig */;
			buildSettings = {
				ASSETCATALOG_COMPILER_APPICON_NAME = AppIcon;
				CODE_SIGN_STYLE = Automatic;
				DEVELOPMENT_TEAM = U54J3QSAHN;
				INFOPLIST_FILE = WCDBDemo/Info.plist;
				IPHONEOS_DEPLOYMENT_TARGET = 9.0;
				LD_RUNPATH_SEARCH_PATHS = "$(inherited) @executable_path/Frameworks";
				PRODUCT_BUNDLE_IDENTIFIER = cjl.WCDBDemo;
				PRODUCT_NAME = "$(TARGET_NAME)";
				TARGETED_DEVICE_FAMILY = 1;
			};
			name = Release;
		};
		A7E63B441FC561620010350C /* Debug */ = {
			isa = XCBuildConfiguration;
			baseConfigurationReference = 4133134CC386AE9CF8B7E275 /* Pods-WCDBDemoTests.debug.xcconfig */;
			buildSettings = {
				BUNDLE_LOADER = "$(TEST_HOST)";
				CODE_SIGN_STYLE = Automatic;
				DEVELOPMENT_TEAM = U54J3QSAHN;
				INFOPLIST_FILE = WCDBDemoTests/Info.plist;
				LD_RUNPATH_SEARCH_PATHS = "$(inherited) @executable_path/Frameworks @loader_path/Frameworks";
				PRODUCT_BUNDLE_IDENTIFIER = cjl.WCDBDemoTests;
				PRODUCT_NAME = "$(TARGET_NAME)";
				TARGETED_DEVICE_FAMILY = "1,2";
				TEST_HOST = "$(BUILT_PRODUCTS_DIR)/WCDBDemo.app/WCDBDemo";
			};
			name = Debug;
		};
		A7E63B451FC561620010350C /* Release */ = {
			isa = XCBuildConfiguration;
			baseConfigurationReference = BA27265922A0DCDB429BCDF3 /* Pods-WCDBDemoTests.release.xcconfig */;
			buildSettings = {
				BUNDLE_LOADER = "$(TEST_HOST)";
				CODE_SIGN_STYLE = Automatic;
				DEVELOPMENT_TEAM = U54J3QSAHN;
				INFOPLIST_FILE = WCDBDemoTests/Info.plist;
				LD_RUNPATH_SEARCH_PATHS = "$(inherited) @executable_path/Frameworks @loader_path/Frameworks";
				PRODUCT_BUNDLE_IDENTIFIER = cjl.WCDBDemoTests;
				PRODUCT_NAME = "$(TARGET_NAME)";
				TARGETED_DEVICE_FAMILY = "1,2";
				TEST_HOST = "$(BUILT_PRODUCTS_DIR)/WCDBDemo.app/WCDBDemo";
			};
			name = Release;
		};
		A7E63B471FC561620010350C /* Debug */ = {
			isa = XCBuildConfiguration;
			baseConfigurationReference = 69B93851F88C7C68E65B0DB7 /* Pods-WCDBDemoUITests.debug.xcconfig */;
			buildSettings = {
				CODE_SIGN_STYLE = Automatic;
				DEVELOPMENT_TEAM = U54J3QSAHN;
				INFOPLIST_FILE = WCDBDemoUITests/Info.plist;
				LD_RUNPATH_SEARCH_PATHS = "$(inherited) @executable_path/Frameworks @loader_path/Frameworks";
				PRODUCT_BUNDLE_IDENTIFIER = cjl.WCDBDemoUITests;
				PRODUCT_NAME = "$(TARGET_NAME)";
				TARGETED_DEVICE_FAMILY = "1,2";
				TEST_TARGET_NAME = WCDBDemo;
			};
			name = Debug;
		};
		A7E63B481FC561620010350C /* Release */ = {
			isa = XCBuildConfiguration;
			baseConfigurationReference = B9B3922284167E8972FBA555 /* Pods-WCDBDemoUITests.release.xcconfig */;
			buildSettings = {
				CODE_SIGN_STYLE = Automatic;
				DEVELOPMENT_TEAM = U54J3QSAHN;
				INFOPLIST_FILE = WCDBDemoUITests/Info.plist;
				LD_RUNPATH_SEARCH_PATHS = "$(inherited) @executable_path/Frameworks @loader_path/Frameworks";
				PRODUCT_BUNDLE_IDENTIFIER = cjl.WCDBDemoUITests;
				PRODUCT_NAME = "$(TARGET_NAME)";
				TARGETED_DEVICE_FAMILY = "1,2";
				TEST_TARGET_NAME = WCDBDemo;
			};
			name = Release;
		};
/* End XCBuildConfiguration section */

/* Begin XCConfigurationList section */
		A7E63B0F1FC5615F0010350C /* Build configuration list for PBXProject "WCDBDemo" */ = {
			isa = XCConfigurationList;
			buildConfigurations = (
				A7E63B3E1FC561620010350C /* Debug */,
				A7E63B3F1FC561620010350C /* Release */,
			);
			defaultConfigurationIsVisible = 0;
			defaultConfigurationName = Release;
		};
		A7E63B401FC561620010350C /* Build configuration list for PBXNativeTarget "WCDBDemo" */ = {
			isa = XCConfigurationList;
			buildConfigurations = (
				A7E63B411FC561620010350C /* Debug */,
				A7E63B421FC561620010350C /* Release */,
			);
			defaultConfigurationIsVisible = 0;
			defaultConfigurationName = Release;
		};
		A7E63B431FC561620010350C /* Build configuration list for PBXNativeTarget "WCDBDemoTests" */ = {
			isa = XCConfigurationList;
			buildConfigurations = (
				A7E63B441FC561620010350C /* Debug */,
				A7E63B451FC561620010350C /* Release */,
			);
			defaultConfigurationIsVisible = 0;
			defaultConfigurationName = Release;
		};
		A7E63B461FC561620010350C /* Build configuration list for PBXNativeTarget "WCDBDemoUITests" */ = {
			isa = XCConfigurationList;
			buildConfigurations = (
				A7E63B471FC561620010350C /* Debug */,
				A7E63B481FC561620010350C /* Release */,
			);
			defaultConfigurationIsVisible = 0;
			defaultConfigurationName = Release;
		};
/* End XCConfigurationList section */
	};
	rootObject = A7E63B0C1FC5615F0010350C /* Project object */;
}
